
Microsoft Visual Studio Solution File, Format Version 12.00
# Visual Studio Version 16
VisualStudioVersion = 16.0.32002.261
MinimumVisualStudioVersion = 10.0.40219.1
Project("{FAE04EC0-301F-11D3-BF4B-00C04F79EFBC}") = "moves_of_balls", "moves_of_balls\moves_of_balls.csproj", "{9CE48C97-E7C4-402F-9624-4E160AA6C320}"
EndProject
Global
	GlobalSection(SolutionConfigurationPlatforms) = preSolution
		Debug|Any CPU = Debug|Any CPU
		Release|Any CPU = Release|Any CPU
	EndGlobalSection
	GlobalSection(ProjectConfigurationPlatforms) = postSolution
		{9CE48C97-E7C4-402F-9624-4E160AA6C320}.Debug|Any CPU.ActiveCfg = Debug|Any CPU
		{9CE48C97-E7C4-402F-9624-4E160AA6C320}.Debug|Any CPU.Build.0 = Debug|Any CPU
		{9CE48C97-E7C4-402F-9624-4E160AA6C320}.Release|Any CPU.ActiveCfg = Release|Any CPU
		{9CE48C97-E7C4-402F-9624-4E160AA6C320}.Release|Any CPU.Build.0 = Release|Any CPU
	EndGlobalSection
	GlobalSection(SolutionProperties) = preSolution
		HideSolutionNode = FALSE
	EndGlobalSection
	GlobalSection(ExtensibilityGlobals) = postSolution
		SolutionGuid = {01C991C0-12BD-4B17-B8AE-AC5AA8C65499}
	EndGlobalSection
EndGlobal
